
Microsoft Visual Studio Solution File, Format Version 12.00
# Visual Studio Version 16
VisualStudioVersion = 16.0.31129.286
MinimumVisualStudioVersion = 10.0.40219.1
Project("{FAE04EC0-301F-11D3-BF4B-00C04F79EFBC}") = "RumbleInstallator", "RumbleInstallator2\RumbleInstallator.csproj", "{34EA6235-D7FD-49BF-B7C8-1114F2B9BAA3}"
EndProject
Project("{2150E333-8FDC-42A3-9474-1A3956D46DE8}") = "Resources", "Resources", "{02CC82D1-1537-4FC8-8AEF-A8129720A6F5}"
	ProjectSection(SolutionItems) = preProject
		RumbleInstallator2\Resources\background.jpg = RumbleInstallator2\Resources\background.jpg
		RumbleInstallator2\Resources\facebook.jpg = RumbleInstallator2\Resources\facebook.jpg
		RumbleInstallator2\Resources\flag-poland.png = RumbleInstallator2\Resources\flag-poland.png
		RumbleInstallator2\Resources\install.jpg = RumbleInstallator2\Resources\install.jpg
		RumbleInstallator2\Resources\install.png = RumbleInstallator2\Resources\install.png
		RumbleInstallator2\Resources\logo.ico = RumbleInstallator2\Resources\logo.ico
		RumbleInstallator2\Resources\uninstal.png = RumbleInstallator2\Resources\uninstal.png
		RumbleInstallator2\Resources\uninstall.jpg = RumbleInstallator2\Resources\uninstall.jpg
	EndProjectSection
EndProject
Global
	GlobalSection(SolutionConfigurationPlatforms) = preSolution
		Debug|Any CPU = Debug|Any CPU
		Release|Any CPU = Release|Any CPU
	EndGlobalSection
	GlobalSection(ProjectConfigurationPlatforms) = postSolution
		{34EA6235-D7FD-49BF-B7C8-1114F2B9BAA3}.Debug|Any CPU.ActiveCfg = Debug|Any CPU
		{34EA6235-D7FD-49BF-B7C8-1114F2B9BAA3}.Debug|Any CPU.Build.0 = Debug|Any CPU
		{34EA6235-D7FD-49BF-B7C8-1114F2B9BAA3}.Release|Any CPU.ActiveCfg = Release|Any CPU
		{34EA6235-D7FD-49BF-B7C8-1114F2B9BAA3}.Release|Any CPU.Build.0 = Release|Any CPU
	EndGlobalSection
	GlobalSection(SolutionProperties) = preSolution
		HideSolutionNode = FALSE
	EndGlobalSection
	GlobalSection(ExtensibilityGlobals) = postSolution
		SolutionGuid = {373B5D43-576B-4C39-9474-AAF8420B7CF4}
	EndGlobalSection
EndGlobal
